
Microsoft Visual Studio Solution File, Format Version 12.00
# Visual Studio Version 16
VisualStudioVersion = 16.0.29306.81
MinimumVisualStudioVersion = 10.0.40219.1
Project("{9A19103F-16F7-4668-BE54-9A1E7A4F7556}") = "NumberReader", "NumberReader\NumberReader.csproj", "{C6FC081B-3265-4B94-87A3-AEBA215F2446}"
EndProject
Global
	GlobalSection(SolutionConfigurationPlatforms) = preSolution
		Debug|Any CPU = Debug|Any CPU
		Release|Any CPU = Release|Any CPU
	EndGlobalSection
	GlobalSection(ProjectConfigurationPlatforms) = postSolution
		{C6FC081B-3265-4B94-87A3-AEBA215F2446}.Debug|Any CPU.ActiveCfg = Debug|Any CPU
		{C6FC081B-3265-4B94-87A3-AEBA215F2446}.Debug|Any CPU.Build.0 = Debug|Any CPU
		{C6FC081B-3265-4B94-87A3-AEBA215F2446}.Release|Any CPU.ActiveCfg = Release|Any CPU
		{C6FC081B-3265-4B94-87A3-AEBA215F2446}.Release|Any CPU.Build.0 = Release|Any CPU
	EndGlobalSection
	GlobalSection(SolutionProperties) = preSolution
		HideSolutionNode = FALSE
	EndGlobalSection
	GlobalSection(ExtensibilityGlobals) = postSolution
		SolutionGuid = {E8E7BFC6-B56E-48A1-9235-EE4AB489CC64}
	EndGlobalSection
EndGlobal
